
Microsoft Visual Studio Solution File, Format Version 12.00
# Visual Studio 2012
Project("{FAE04EC0-301F-11D3-BF4B-00C04F79EFBC}") = "NGTP", "NGTP\NGTP.csproj", "{57318A3E-1CCF-4314-A1CF-7A22855F86D8}"
EndProject
Global
	GlobalSection(SolutionConfigurationPlatforms) = preSolution
		Debug|Any CPU = Debug|Any CPU
		Release|Any CPU = Release|Any CPU
	EndGlobalSection
	GlobalSection(ProjectConfigurationPlatforms) = postSolution
		{57318A3E-1CCF-4314-A1CF-7A22855F86D8}.Debug|Any CPU.ActiveCfg = Debug|Any CPU
		{57318A3E-1CCF-4314-A1CF-7A22855F86D8}.Debug|Any CPU.Build.0 = Debug|Any CPU
		{57318A3E-1CCF-4314-A1CF-7A22855F86D8}.Release|Any CPU.ActiveCfg = Release|Any CPU
		{57318A3E-1CCF-4314-A1CF-7A22855F86D8}.Release|Any CPU.Build.0 = Release|Any CPU
	EndGlobalSection
	GlobalSection(SolutionProperties) = preSolution
		HideSolutionNode = FALSE
	EndGlobalSection
EndGlobal
